
Microsoft Visual Studio Solution File, Format Version 12.00
# Visual Studio 14
VisualStudioVersion = 14.0.25420.1
MinimumVisualStudioVersion = 10.0.40219.1
Project("{2150E333-8FDC-42A3-9474-1A3956D46DE8}") = "Tests", "Tests", "{18730D3F-33D2-4315-9E12-EDF963124052}"
EndProject
Project("{FAE04EC0-301F-11D3-BF4B-00C04F79EFBC}") = "StronglyTypedContext.Tests", "src\StronglyTypedContext.Tests\StronglyTypedContext.Tests.csproj", "{AB87103A-0FEB-4F6D-82E3-893D6D1A3F37}"
EndProject
Project("{FAE04EC0-301F-11D3-BF4B-00C04F79EFBC}") = "StronglyTypedContext", "src\StronglyTypedContext\StronglyTypedContext.csproj", "{79C2C1E1-4A54-4412-9017-FBB46B679B34}"
EndProject
Global
	GlobalSection(SolutionConfigurationPlatforms) = preSolution
		Debug|Any CPU = Debug|Any CPU
		Release|Any CPU = Release|Any CPU
	EndGlobalSection
	GlobalSection(ProjectConfigurationPlatforms) = postSolution
		{AB87103A-0FEB-4F6D-82E3-893D6D1A3F37}.Debug|Any CPU.ActiveCfg = Debug|Any CPU
		{AB87103A-0FEB-4F6D-82E3-893D6D1A3F37}.Debug|Any CPU.Build.0 = Debug|Any CPU
		{AB87103A-0FEB-4F6D-82E3-893D6D1A3F37}.Release|Any CPU.ActiveCfg = Release|Any CPU
		{AB87103A-0FEB-4F6D-82E3-893D6D1A3F37}.Release|Any CPU.Build.0 = Release|Any CPU
		{79C2C1E1-4A54-4412-9017-FBB46B679B34}.Debug|Any CPU.ActiveCfg = Debug|Any CPU
		{79C2C1E1-4A54-4412-9017-FBB46B679B34}.Debug|Any CPU.Build.0 = Debug|Any CPU
		{79C2C1E1-4A54-4412-9017-FBB46B679B34}.Release|Any CPU.ActiveCfg = Release|Any CPU
		{79C2C1E1-4A54-4412-9017-FBB46B679B34}.Release|Any CPU.Build.0 = Release|Any CPU
	EndGlobalSection
	GlobalSection(SolutionProperties) = preSolution
		HideSolutionNode = FALSE
	EndGlobalSection
	GlobalSection(NestedProjects) = preSolution
		{AB87103A-0FEB-4F6D-82E3-893D6D1A3F37} = {18730D3F-33D2-4315-9E12-EDF963124052}
	EndGlobalSection
EndGlobal
